
Microsoft Visual Studio Solution File, Format Version 12.00
# Visual Studio 15
VisualStudioVersion = 15.0.27130.2010
MinimumVisualStudioVersion = 10.0.40219.1
Project("{FAE04EC0-301F-11D3-BF4B-00C04F79EFBC}") = "CarRent", "CarRent\CarRent.csproj", "{0DC76701-2EC2-4F74-80DE-98C6525C95B4}"
EndProject
Project("{FAE04EC0-301F-11D3-BF4B-00C04F79EFBC}") = "CarRent.Web", "CarRent.Web\CarRent.Web.csproj", "{EDA821A7-F2BD-4801-9C5C-F12F76E1D3E3}"
EndProject
Global
	GlobalSection(SolutionConfigurationPlatforms) = preSolution
		Debug|Any CPU = Debug|Any CPU
		Release|Any CPU = Release|Any CPU
	EndGlobalSection
	GlobalSection(ProjectConfigurationPlatforms) = postSolution
		{0DC76701-2EC2-4F74-80DE-98C6525C95B4}.Debug|Any CPU.ActiveCfg = Debug|Any CPU
		{0DC76701-2EC2-4F74-80DE-98C6525C95B4}.Debug|Any CPU.Build.0 = Debug|Any CPU
		{0DC76701-2EC2-4F74-80DE-98C6525C95B4}.Release|Any CPU.ActiveCfg = Release|Any CPU
		{0DC76701-2EC2-4F74-80DE-98C6525C95B4}.Release|Any CPU.Build.0 = Release|Any CPU
		{EDA821A7-F2BD-4801-9C5C-F12F76E1D3E3}.Debug|Any CPU.ActiveCfg = Debug|Any CPU
		{EDA821A7-F2BD-4801-9C5C-F12F76E1D3E3}.Debug|Any CPU.Build.0 = Debug|Any CPU
		{EDA821A7-F2BD-4801-9C5C-F12F76E1D3E3}.Release|Any CPU.ActiveCfg = Release|Any CPU
		{EDA821A7-F2BD-4801-9C5C-F12F76E1D3E3}.Release|Any CPU.Build.0 = Release|Any CPU
	EndGlobalSection
	GlobalSection(SolutionProperties) = preSolution
		HideSolutionNode = FALSE
	EndGlobalSection
	GlobalSection(ExtensibilityGlobals) = postSolution
		SolutionGuid = {1EA4BFBC-1850-40FD-87F0-C229BE792A73}
	EndGlobalSection
EndGlobal
